
Microsoft Visual Studio Solution File, Format Version 12.00
# Visual Studio Version 17
VisualStudioVersion = 17.10.35013.160
MinimumVisualStudioVersion = 10.0.40219.1
Project("{2150E333-8FDC-42A3-9474-1A3956D46DE8}") = "BuildingBlocks", "BuildingBlocks", "{365A85ED-C0F4-4849-BB40-27A46CF0999A}"
EndProject
Project("{2150E333-8FDC-42A3-9474-1A3956D46DE8}") = "Services", "Services", "{BB0A5513-7FF1-4DD3-8F2E-97AD9804AC12}"
EndProject
Project("{2150E333-8FDC-42A3-9474-1A3956D46DE8}") = "User", "User", "{3279993B-400D-46B3-B6A9-D722DF8FFA4E}"
EndProject
Project("{2150E333-8FDC-42A3-9474-1A3956D46DE8}") = "Task Management", "Task Management", "{ACA0ABFE-5592-4EC1-AC5B-A23375FFF12B}"
EndProject
Project("{2150E333-8FDC-42A3-9474-1A3956D46DE8}") = "Pomodoro", "Pomodoro", "{927E3769-C540-4EE2-902D-912694CD8EFC}"
EndProject
Project("{2150E333-8FDC-42A3-9474-1A3956D46DE8}") = "Collaboration", "Collaboration", "{9DA77986-2468-4EEC-B3C8-C69E02321B92}"
EndProject
Project("{2150E333-8FDC-42A3-9474-1A3956D46DE8}") = "AI Recommendation", "AI Recommendation", "{A0C54DF6-167A-4F58-AA6B-E8B749B649CF}"
EndProject
Project("{2150E333-8FDC-42A3-9474-1A3956D46DE8}") = "Progress Report", "Progress Report", "{0D2E6B48-18CD-4EDE-9C09-BB03497FF216}"
EndProject
Project("{2150E333-8FDC-42A3-9474-1A3956D46DE8}") = "Notification", "Notification", "{4C8B3E0B-B2BF-4981-9BC5-353BB90D7C45}"
EndProject
Project("{2150E333-8FDC-42A3-9474-1A3956D46DE8}") = "Reward", "Reward", "{94310956-3AA4-4EC7-AA09-950727C80B5D}"
EndProject
Project("{FAE04EC0-301F-11D3-BF4B-00C04F79EFBC}") = "UserService.API", "Services\User\UserService.API\UserService.API.csproj", "{68DCF1CE-3E92-442E-B78B-73DE4C46DC0B}"
EndProject
Global
	GlobalSection(SolutionConfigurationPlatforms) = preSolution
		Debug|Any CPU = Debug|Any CPU
		Release|Any CPU = Release|Any CPU
	EndGlobalSection
	GlobalSection(ProjectConfigurationPlatforms) = postSolution
		{68DCF1CE-3E92-442E-B78B-73DE4C46DC0B}.Debug|Any CPU.ActiveCfg = Debug|Any CPU
		{68DCF1CE-3E92-442E-B78B-73DE4C46DC0B}.Debug|Any CPU.Build.0 = Debug|Any CPU
		{68DCF1CE-3E92-442E-B78B-73DE4C46DC0B}.Release|Any CPU.ActiveCfg = Release|Any CPU
		{68DCF1CE-3E92-442E-B78B-73DE4C46DC0B}.Release|Any CPU.Build.0 = Release|Any CPU
	EndGlobalSection
	GlobalSection(SolutionProperties) = preSolution
		HideSolutionNode = FALSE
	EndGlobalSection
	GlobalSection(NestedProjects) = preSolution
		{3279993B-400D-46B3-B6A9-D722DF8FFA4E} = {BB0A5513-7FF1-4DD3-8F2E-97AD9804AC12}
		{ACA0ABFE-5592-4EC1-AC5B-A23375FFF12B} = {BB0A5513-7FF1-4DD3-8F2E-97AD9804AC12}
		{927E3769-C540-4EE2-902D-912694CD8EFC} = {BB0A5513-7FF1-4DD3-8F2E-97AD9804AC12}
		{9DA77986-2468-4EEC-B3C8-C69E02321B92} = {BB0A5513-7FF1-4DD3-8F2E-97AD9804AC12}
		{A0C54DF6-167A-4F58-AA6B-E8B749B649CF} = {BB0A5513-7FF1-4DD3-8F2E-97AD9804AC12}
		{0D2E6B48-18CD-4EDE-9C09-BB03497FF216} = {BB0A5513-7FF1-4DD3-8F2E-97AD9804AC12}
		{4C8B3E0B-B2BF-4981-9BC5-353BB90D7C45} = {BB0A5513-7FF1-4DD3-8F2E-97AD9804AC12}
		{94310956-3AA4-4EC7-AA09-950727C80B5D} = {BB0A5513-7FF1-4DD3-8F2E-97AD9804AC12}
		{68DCF1CE-3E92-442E-B78B-73DE4C46DC0B} = {3279993B-400D-46B3-B6A9-D722DF8FFA4E}
	EndGlobalSection
	GlobalSection(ExtensibilityGlobals) = postSolution
		SolutionGuid = {FE49E2E4-48D9-48A5-99B2-E47EF310345B}
	EndGlobalSection
EndGlobal
